# This file is automatically @generated by Cargo.
# It is not intended for manual editing.
version = 3

[[package]]
name = "fanservice"
version = "0.1.0"
dependencies = [
 "ipmiraw",
 "libc",
 "sensors",
]

[[package]]
name = "ipmiraw"
version = "0.2.0"
dependencies = [
 "libc",
]

[[package]]
name = "libc"
version = "0.2.103"
source = "registry+https://github.com/rust-lang/crates.io-index"
checksum = "dd8f7255a17a627354f321ef0055d63b898c6fb27eff628af4d1b66b7331edf6"

[[package]]
name = "libsensors-sys"
version = "0.2.0"
source = "registry+https://github.com/rust-lang/crates.io-index"
checksum = "a1730cc7164b96de1d460c1f87c993430a3dda88ee336f0d2ea9a52097243132"

[[package]]
name = "sensors"
version = "0.2.1"
source = "registry+https://github.com/rust-lang/crates.io-index"
checksum = "6993a8ec96ef1f96f4285b5fbe7f80d7c8b2674b20f0c9bbbdaab80d14f0c06e"
dependencies = [
 "libc",
 "libsensors-sys",
]
